
Microsoft Visual Studio Solution File, Format Version 12.00
# Visual Studio 14
VisualStudioVersion = 14.0.23107.0
MinimumVisualStudioVersion = 10.0.40219.1
Project("{FAE04EC0-301F-11D3-BF4B-00C04F79EFBC}") = "xWeather.Droid", "xWeather.Droid\xWeather.Droid.csproj", "{A1FFE0B1-582A-41EB-B760-C73F69D672C9}"
EndProject
Global
	GlobalSection(SolutionConfigurationPlatforms) = preSolution
		Debug|Any CPU = Debug|Any CPU
		Release|Any CPU = Release|Any CPU
	EndGlobalSection
	GlobalSection(ProjectConfigurationPlatforms) = postSolution
		{A1FFE0B1-582A-41EB-B760-C73F69D672C9}.Debug|Any CPU.ActiveCfg = Debug|Any CPU
		{A1FFE0B1-582A-41EB-B760-C73F69D672C9}.Debug|Any CPU.Build.0 = Debug|Any CPU
		{A1FFE0B1-582A-41EB-B760-C73F69D672C9}.Debug|Any CPU.Deploy.0 = Debug|Any CPU
		{A1FFE0B1-582A-41EB-B760-C73F69D672C9}.Release|Any CPU.ActiveCfg = Release|Any CPU
		{A1FFE0B1-582A-41EB-B760-C73F69D672C9}.Release|Any CPU.Build.0 = Release|Any CPU
		{A1FFE0B1-582A-41EB-B760-C73F69D672C9}.Release|Any CPU.Deploy.0 = Release|Any CPU
	EndGlobalSection
	GlobalSection(SolutionProperties) = preSolution
		HideSolutionNode = FALSE
	EndGlobalSection
EndGlobal
